// !$*UTF8*$!
{
	archiveVersion = 1;
	classes = {
	};
	objectVersion = 50;
	objects = {

/* Begin PBXBuildFile section */
		00DF195E249BAEFE00BC60D2 /* TelaCards.swift in Sources */ = {isa = PBXBuildFile; fileRef = 00DF195D249BAEFE00BC60D2 /* TelaCards.swift */; };
		00DF197524A0A6DF00BC60D2 /* TelaInfo.swift in Sources */ = {isa = PBXBuildFile; fileRef = 00DF197424A0A6DF00BC60D2 /* TelaInfo.swift */; };
		00DF197B24A0E2CE00BC60D2 /* Info.storyboard in Resources */ = {isa = PBXBuildFile; fileRef = 00DF197A24A0E2CE00BC60D2 /* Info.storyboard */; };
		1A067DA624911749000E9D71 /* PlantRegistrationManual.storyboard in Resources */ = {isa = PBXBuildFile; fileRef = 1A067DA524911749000E9D71 /* PlantRegistrationManual.storyboard */; };
		1A89392E2492726900131FFD /* PlantRMController.swift in Sources */ = {isa = PBXBuildFile; fileRef = 1A067DA724911B11000E9D71 /* PlantRMController.swift */; };
		1A89392F2492726E00131FFD /* ImagePicker.swift in Sources */ = {isa = PBXBuildFile; fileRef = 1A89392C2492683600131FFD /* ImagePicker.swift */; };
		20A38CFC24926F2F001510A8 /* SwipingController.swift in Sources */ = {isa = PBXBuildFile; fileRef = 20A38CFB24926F2F001510A8 /* SwipingController.swift */; };
		20A38CFE2492AA37001510A8 /* PageCell.swift in Sources */ = {isa = PBXBuildFile; fileRef = 20A38CFD2492AA37001510A8 /* PageCell.swift */; };
		20A38D002492BE0E001510A8 /* Page.swift in Sources */ = {isa = PBXBuildFile; fileRef = 20A38CFF2492BE0E001510A8 /* Page.swift */; };
		20A38D02249561C7001510A8 /* SwippingController+extension.swift in Sources */ = {isa = PBXBuildFile; fileRef = 20A38D01249561C7001510A8 /* SwippingController+extension.swift */; };
		20A38D04249562BB001510A8 /* SwippingController+UICollectionView.swift in Sources */ = {isa = PBXBuildFile; fileRef = 20A38D03249562BB001510A8 /* SwippingController+UICollectionView.swift */; };
		D506D53024925FCD0027AB23 /* Initial.swift in Sources */ = {isa = PBXBuildFile; fileRef = D506D52F24925FCD0027AB23 /* Initial.swift */; };
		D506D53224925FFD0027AB23 /* InitialView.storyboard in Resources */ = {isa = PBXBuildFile; fileRef = D506D53124925FFD0027AB23 /* InitialView.storyboard */; };
		D506D536249269FF0027AB23 /* InitialCell.swift in Sources */ = {isa = PBXBuildFile; fileRef = D506D535249269FF0027AB23 /* InitialCell.swift */; };
		D55D14FD2493B3DA00DF5EB8 /* NewPlantView.storyboard in Resources */ = {isa = PBXBuildFile; fileRef = D55D14FC2493B3DA00DF5EB8 /* NewPlantView.storyboard */; };
		D55D14FF2493B73400DF5EB8 /* NewPlant.swift in Sources */ = {isa = PBXBuildFile; fileRef = D55D14FE2493B73400DF5EB8 /* NewPlant.swift */; };
		D595A65B249107D200846139 /* AppDelegate.swift in Sources */ = {isa = PBXBuildFile; fileRef = D595A65A249107D200846139 /* AppDelegate.swift */; };
		D595A65D249107D200846139 /* SceneDelegate.swift in Sources */ = {isa = PBXBuildFile; fileRef = D595A65C249107D200846139 /* SceneDelegate.swift */; };
		D595A65F249107D200846139 /* ViewController.swift in Sources */ = {isa = PBXBuildFile; fileRef = D595A65E249107D200846139 /* ViewController.swift */; };
		D595A664249107D300846139 /* Assets.xcassets in Resources */ = {isa = PBXBuildFile; fileRef = D595A663249107D300846139 /* Assets.xcassets */; };
		D595A667249107D300846139 /* LaunchScreen.storyboard in Resources */ = {isa = PBXBuildFile; fileRef = D595A665249107D300846139 /* LaunchScreen.storyboard */; };
		D595A672249107D300846139 /* MeuJardimTests.swift in Sources */ = {isa = PBXBuildFile; fileRef = D595A671249107D300846139 /* MeuJardimTests.swift */; };
/* End PBXBuildFile section */

/* Begin PBXContainerItemProxy section */
		D595A66E249107D300846139 /* PBXContainerItemProxy */ = {
			isa = PBXContainerItemProxy;
			containerPortal = D595A64F249107D200846139 /* Project object */;
			proxyType = 1;
			remoteGlobalIDString = D595A656249107D200846139;
			remoteInfo = MeuJardim;
		};
/* End PBXContainerItemProxy section */

/* Begin PBXFileReference section */
		00DF195D249BAEFE00BC60D2 /* TelaCards.swift */ = {isa = PBXFileReference; lastKnownFileType = sourcecode.swift; path = TelaCards.swift; sourceTree = SOURCE_ROOT; };
		00DF197424A0A6DF00BC60D2 /* TelaInfo.swift */ = {isa = PBXFileReference; lastKnownFileType = sourcecode.swift; path = TelaInfo.swift; sourceTree = SOURCE_ROOT; };
		00DF197A24A0E2CE00BC60D2 /* Info.storyboard */ = {isa = PBXFileReference; lastKnownFileType = file.storyboard; path = Info.storyboard; sourceTree = SOURCE_ROOT; };
		1A067DA524911749000E9D71 /* PlantRegistrationManual.storyboard */ = {isa = PBXFileReference; lastKnownFileType = file.storyboard; path = PlantRegistrationManual.storyboard; sourceTree = SOURCE_ROOT; };
		1A067DA724911B11000E9D71 /* PlantRMController.swift */ = {isa = PBXFileReference; lastKnownFileType = sourcecode.swift; path = PlantRMController.swift; sourceTree = SOURCE_ROOT; };
		1A89392C2492683600131FFD /* ImagePicker.swift */ = {isa = PBXFileReference; lastKnownFileType = sourcecode.swift; path = ImagePicker.swift; sourceTree = SOURCE_ROOT; };
		20A38CFB24926F2F001510A8 /* SwipingController.swift */ = {isa = PBXFileReference; lastKnownFileType = sourcecode.swift; path = SwipingController.swift; sourceTree = "<group>"; };
		20A38CFD2492AA37001510A8 /* PageCell.swift */ = {isa = PBXFileReference; lastKnownFileType = sourcecode.swift; path = PageCell.swift; sourceTree = "<group>"; };
		20A38CFF2492BE0E001510A8 /* Page.swift */ = {isa = PBXFileReference; lastKnownFileType = sourcecode.swift; path = Page.swift; sourceTree = "<group>"; };
		20A38D01249561C7001510A8 /* SwippingController+extension.swift */ = {isa = PBXFileReference; lastKnownFileType = sourcecode.swift; path = "SwippingController+extension.swift"; sourceTree = "<group>"; };
		20A38D03249562BB001510A8 /* SwippingController+UICollectionView.swift */ = {isa = PBXFileReference; lastKnownFileType = sourcecode.swift; path = "SwippingController+UICollectionView.swift"; sourceTree = "<group>"; };
		D506D52F24925FCD0027AB23 /* Initial.swift */ = {isa = PBXFileReference; lastKnownFileType = sourcecode.swift; name = Initial.swift; path = MeuJardim/Initial.swift; sourceTree = SOURCE_ROOT; };
		D506D53124925FFD0027AB23 /* InitialView.storyboard */ = {isa = PBXFileReference; lastKnownFileType = file.storyboard; name = InitialView.storyboard; path = MeuJardim/InitialView.storyboard; sourceTree = SOURCE_ROOT; };
		D506D535249269FF0027AB23 /* InitialCell.swift */ = {isa = PBXFileReference; lastKnownFileType = sourcecode.swift; name = InitialCell.swift; path = MeuJardim/InitialCell.swift; sourceTree = SOURCE_ROOT; };
		D55D14FC2493B3DA00DF5EB8 /* NewPlantView.storyboard */ = {isa = PBXFileReference; lastKnownFileType = file.storyboard; name = NewPlantView.storyboard; path = MeuJardim/NewPlantView.storyboard; sourceTree = SOURCE_ROOT; };
		D55D14FE2493B73400DF5EB8 /* NewPlant.swift */ = {isa = PBXFileReference; lastKnownFileType = sourcecode.swift; name = NewPlant.swift; path = MeuJardim/NewPlant.swift; sourceTree = SOURCE_ROOT; };
		D595A657249107D200846139 /* MeuJardim.app */ = {isa = PBXFileReference; explicitFileType = wrapper.application; includeInIndex = 0; path = MeuJardim.app; sourceTree = BUILT_PRODUCTS_DIR; };
		D595A65A249107D200846139 /* AppDelegate.swift */ = {isa = PBXFileReference; lastKnownFileType = sourcecode.swift; path = AppDelegate.swift; sourceTree = "<group>"; };
		D595A65C249107D200846139 /* SceneDelegate.swift */ = {isa = PBXFileReference; lastKnownFileType = sourcecode.swift; path = SceneDelegate.swift; sourceTree = "<group>"; };
		D595A65E249107D200846139 /* ViewController.swift */ = {isa = PBXFileReference; lastKnownFileType = sourcecode.swift; path = ViewController.swift; sourceTree = "<group>"; };
		D595A663249107D300846139 /* Assets.xcassets */ = {isa = PBXFileReference; lastKnownFileType = folder.assetcatalog; path = Assets.xcassets; sourceTree = "<group>"; };
		D595A666249107D300846139 /* Base */ = {isa = PBXFileReference; lastKnownFileType = file.storyboard; name = Base; path = Base.lproj/LaunchScreen.storyboard; sourceTree = "<group>"; };
		D595A668249107D300846139 /* Info.plist */ = {isa = PBXFileReference; lastKnownFileType = text.plist.xml; path = Info.plist; sourceTree = "<group>"; };
		D595A66D249107D300846139 /* MeuJardimTests.xctest */ = {isa = PBXFileReference; explicitFileType = wrapper.cfbundle; includeInIndex = 0; path = MeuJardimTests.xctest; sourceTree = BUILT_PRODUCTS_DIR; };
		D595A671249107D300846139 /* MeuJardimTests.swift */ = {isa = PBXFileReference; lastKnownFileType = sourcecode.swift; path = MeuJardimTests.swift; sourceTree = "<group>"; };
		D595A673249107D300846139 /* Info.plist */ = {isa = PBXFileReference; lastKnownFileType = text.plist.xml; path = Info.plist; sourceTree = "<group>"; };
/* End PBXFileReference section */

/* Begin PBXFrameworksBuildPhase section */
		D595A654249107D200846139 /* Frameworks */ = {
			isa = PBXFrameworksBuildPhase;
			buildActionMask = 2147483647;
			files = (
			);
			runOnlyForDeploymentPostprocessing = 0;
		};
		D595A66A249107D300846139 /* Frameworks */ = {
			isa = PBXFrameworksBuildPhase;
			buildActionMask = 2147483647;
			files = (
			);
			runOnlyForDeploymentPostprocessing = 0;
		};
/* End PBXFrameworksBuildPhase section */

/* Begin PBXGroup section */
		2033ABF82498F00E00D38DB8 /* Onboarding */ = {
			isa = PBXGroup;
			children = (
				20A38CFD2492AA37001510A8 /* PageCell.swift */,
				20A38CFB24926F2F001510A8 /* SwipingController.swift */,
				20A38CFF2492BE0E001510A8 /* Page.swift */,
				20A38D01249561C7001510A8 /* SwippingController+extension.swift */,
				20A38D03249562BB001510A8 /* SwippingController+UICollectionView.swift */,
			);
			path = Onboarding;
			sourceTree = "<group>";
		};
		D595A64E249107D200846139 = {
			isa = PBXGroup;
			children = (
				D595A659249107D200846139 /* MeuJardim */,
				D595A670249107D300846139 /* MeuJardimTests */,
				D595A658249107D200846139 /* Products */,
			);
			sourceTree = "<group>";
		};
		D595A658249107D200846139 /* Products */ = {
			isa = PBXGroup;
			children = (
				D595A657249107D200846139 /* MeuJardim.app */,
				D595A66D249107D300846139 /* MeuJardimTests.xctest */,
			);
			name = Products;
			sourceTree = "<group>";
		};
		D595A659249107D200846139 /* MeuJardim */ = {
			isa = PBXGroup;
			children = (
				D595A67E249107E700846139 /* View */,
				D595A67D249107DF00846139 /* Controller */,
				D595A67C249107D900846139 /* Model */,
				D595A65A249107D200846139 /* AppDelegate.swift */,
				D595A65C249107D200846139 /* SceneDelegate.swift */,
				D595A65E249107D200846139 /* ViewController.swift */,
				D595A663249107D300846139 /* Assets.xcassets */,
				D595A665249107D300846139 /* LaunchScreen.storyboard */,
				D595A668249107D300846139 /* Info.plist */,
				2033ABF82498F00E00D38DB8 /* Onboarding */,
			);
			path = MeuJardim;
			sourceTree = "<group>";
		};
		D595A670249107D300846139 /* MeuJardimTests */ = {
			isa = PBXGroup;
			children = (
				D595A671249107D300846139 /* MeuJardimTests.swift */,
				D595A673249107D300846139 /* Info.plist */,
			);
			path = MeuJardimTests;
			sourceTree = "<group>";
		};
		D595A67C249107D900846139 /* Model */ = {
			isa = PBXGroup;
			children = (
				1A067DA524911749000E9D71 /* PlantRegistrationManual.storyboard */,
			);
			path = Model;
			sourceTree = "<group>";
		};
		D595A67D249107DF00846139 /* Controller */ = {
			isa = PBXGroup;
			children = (
				1A067DA724911B11000E9D71 /* PlantRMController.swift */,
				1A89392C2492683600131FFD /* ImagePicker.swift */,
				D506D52F24925FCD0027AB23 /* Initial.swift */,
				D506D535249269FF0027AB23 /* InitialCell.swift */,
				D55D14FE2493B73400DF5EB8 /* NewPlant.swift */,
			);
			path = Controller;
			sourceTree = "<group>";
		};
		D595A67E249107E700846139 /* View */ = {
			isa = PBXGroup;
			children = (
				D506D53124925FFD0027AB23 /* InitialView.storyboard */,
				D55D14FC2493B3DA00DF5EB8 /* NewPlantView.storyboard */,
				00DF195D249BAEFE00BC60D2 /* TelaCards.swift */,
				00DF197424A0A6DF00BC60D2 /* TelaInfo.swift */,
				00DF197A24A0E2CE00BC60D2 /* Info.storyboard */,
			);
			path = View;
			sourceTree = "<group>";
		};
/* End PBXGroup section */

/* Begin PBXNativeTarget section */
		D595A656249107D200846139 /* MeuJardim */ = {
			isa = PBXNativeTarget;
			buildConfigurationList = D595A676249107D300846139 /* Build configuration list for PBXNativeTarget "MeuJardim" */;
			buildPhases = (
				D595A653249107D200846139 /* Sources */,
				D595A654249107D200846139 /* Frameworks */,
				D595A655249107D200846139 /* Resources */,
			);
			buildRules = (
			);
			dependencies = (
			);
			name = MeuJardim;
			productName = MeuJardim;
			productReference = D595A657249107D200846139 /* MeuJardim.app */;
			productType = "com.apple.product-type.application";
		};
		D595A66C249107D300846139 /* MeuJardimTests */ = {
			isa = PBXNativeTarget;
			buildConfigurationList = D595A679249107D300846139 /* Build configuration list for PBXNativeTarget "MeuJardimTests" */;
			buildPhases = (
				D595A669249107D300846139 /* Sources */,
				D595A66A249107D300846139 /* Frameworks */,
				D595A66B249107D300846139 /* Resources */,
			);
			buildRules = (
			);
			dependencies = (
				D595A66F249107D300846139 /* PBXTargetDependency */,
			);
			name = MeuJardimTests;
			productName = MeuJardimTests;
			productReference = D595A66D249107D300846139 /* MeuJardimTests.xctest */;
			productType = "com.apple.product-type.bundle.unit-test";
		};
/* End PBXNativeTarget section */

/* Begin PBXProject section */
		D595A64F249107D200846139 /* Project object */ = {
			isa = PBXProject;
			attributes = {
				LastSwiftUpdateCheck = 1150;
				LastUpgradeCheck = 1150;
				ORGANIZATIONNAME = "Jhennyfer Rodrigues de Oliveira";
				TargetAttributes = {
					D595A656249107D200846139 = {
						CreatedOnToolsVersion = 11.5;
					};
					D595A66C249107D300846139 = {
						CreatedOnToolsVersion = 11.5;
						TestTargetID = D595A656249107D200846139;
					};
				};
			};
			buildConfigurationList = D595A652249107D200846139 /* Build configuration list for PBXProject "MeuJardim" */;
			compatibilityVersion = "Xcode 9.3";
			developmentRegion = en;
			hasScannedForEncodings = 0;
			knownRegions = (
				en,
				Base,
			);
			mainGroup = D595A64E249107D200846139;
			productRefGroup = D595A658249107D200846139 /* Products */;
			projectDirPath = "";
			projectRoot = "";
			targets = (
				D595A656249107D200846139 /* MeuJardim */,
				D595A66C249107D300846139 /* MeuJardimTests */,
			);
		};
/* End PBXProject section */

/* Begin PBXResourcesBuildPhase section */
		D595A655249107D200846139 /* Resources */ = {
			isa = PBXResourcesBuildPhase;
			buildActionMask = 2147483647;
			files = (
				00DF197B24A0E2CE00BC60D2 /* Info.storyboard in Resources */,
				D595A667249107D300846139 /* LaunchScreen.storyboard in Resources */,
				1A067DA624911749000E9D71 /* PlantRegistrationManual.storyboard in Resources */,
				D595A664249107D300846139 /* Assets.xcassets in Resources */,
				D506D53224925FFD0027AB23 /* InitialView.storyboard in Resources */,
				D55D14FD2493B3DA00DF5EB8 /* NewPlantView.storyboard in Resources */,
			);
			runOnlyForDeploymentPostprocessing = 0;
		};
		D595A66B249107D300846139 /* Resources */ = {
			isa = PBXResourcesBuildPhase;
			buildActionMask = 2147483647;
			files = (
			);
			runOnlyForDeploymentPostprocessing = 0;
		};
/* End PBXResourcesBuildPhase section */

/* Begin PBXSourcesBuildPhase section */
		D595A653249107D200846139 /* Sources */ = {
			isa = PBXSourcesBuildPhase;
			buildActionMask = 2147483647;
			files = (
				D55D14FF2493B73400DF5EB8 /* NewPlant.swift in Sources */,
				1A89392F2492726E00131FFD /* ImagePicker.swift in Sources */,
				1A89392E2492726900131FFD /* PlantRMController.swift in Sources */,
				D506D536249269FF0027AB23 /* InitialCell.swift in Sources */,
				D595A65F249107D200846139 /* ViewController.swift in Sources */,
				20A38D04249562BB001510A8 /* SwippingController+UICollectionView.swift in Sources */,
				20A38D02249561C7001510A8 /* SwippingController+extension.swift in Sources */,
				20A38CFE2492AA37001510A8 /* PageCell.swift in Sources */,
				20A38D002492BE0E001510A8 /* Page.swift in Sources */,
				00DF197524A0A6DF00BC60D2 /* TelaInfo.swift in Sources */,
				D595A65B249107D200846139 /* AppDelegate.swift in Sources */,
				D506D53024925FCD0027AB23 /* Initial.swift in Sources */,
				00DF195E249BAEFE00BC60D2 /* TelaCards.swift in Sources */,
				D595A65D249107D200846139 /* SceneDelegate.swift in Sources */,
				20A38CFC24926F2F001510A8 /* SwipingController.swift in Sources */,
			);
			runOnlyForDeploymentPostprocessing = 0;
		};
		D595A669249107D300846139 /* Sources */ = {
			isa = PBXSourcesBuildPhase;
			buildActionMask = 2147483647;
			files = (
				D595A672249107D300846139 /* MeuJardimTests.swift in Sources */,
			);
			runOnlyForDeploymentPostprocessing = 0;
		};
/* End PBXSourcesBuildPhase section */

/* Begin PBXTargetDependency section */
		D595A66F249107D300846139 /* PBXTargetDependency */ = {
			isa = PBXTargetDependency;
			target = D595A656249107D200846139 /* MeuJardim */;
			targetProxy = D595A66E249107D300846139 /* PBXContainerItemProxy */;
		};
/* End PBXTargetDependency section */

/* Begin PBXVariantGroup section */
		D595A665249107D300846139 /* LaunchScreen.storyboard */ = {
			isa = PBXVariantGroup;
			children = (
				D595A666249107D300846139 /* Base */,
			);
			name = LaunchScreen.storyboard;
			sourceTree = "<group>";
		};
/* End PBXVariantGroup section */

/* Begin XCBuildConfiguration section */
		D595A674249107D300846139 /* Debug */ = {
			isa = XCBuildConfiguration;
			buildSettings = {
				ALWAYS_SEARCH_USER_PATHS = NO;
				CLANG_ANALYZER_NONNULL = YES;
				CLANG_ANALYZER_NUMBER_OBJECT_CONVERSION = YES_AGGRESSIVE;
				CLANG_CXX_LANGUAGE_STANDARD = "gnu++14";
				CLANG_CXX_LIBRARY = "libc++";
				CLANG_ENABLE_MODULES = YES;
				CLANG_ENABLE_OBJC_ARC = YES;
				CLANG_ENABLE_OBJC_WEAK = YES;
				CLANG_WARN_BLOCK_CAPTURE_AUTORELEASING = YES;
				CLANG_WARN_BOOL_CONVERSION = YES;
				CLANG_WARN_COMMA = YES;
				CLANG_WARN_CONSTANT_CONVERSION = YES;
				CLANG_WARN_DEPRECATED_OBJC_IMPLEMENTATIONS = YES;
				CLANG_WARN_DIRECT_OBJC_ISA_USAGE = YES_ERROR;
				CLANG_WARN_DOCUMENTATION_COMMENTS = YES;
				CLANG_WARN_EMPTY_BODY = YES;
				CLANG_WARN_ENUM_CONVERSION = YES;
				CLANG_WARN_INFINITE_RECURSION = YES;
				CLANG_WARN_INT_CONVERSION = YES;
				CLANG_WARN_NON_LITERAL_NULL_CONVERSION = YES;
				CLANG_WARN_OBJC_IMPLICIT_RETAIN_SELF = YES;
				CLANG_WARN_OBJC_LITERAL_CONVERSION = YES;
				CLANG_WARN_OBJC_ROOT_CLASS = YES_ERROR;
				CLANG_WARN_RANGE_LOOP_ANALYSIS = YES;
				CLANG_WARN_STRICT_PROTOTYPES = YES;
				CLANG_WARN_SUSPICIOUS_MOVE = YES;
				CLANG_WARN_UNGUARDED_AVAILABILITY = YES_AGGRESSIVE;
				CLANG_WARN_UNREACHABLE_CODE = YES;
				CLANG_WARN__DUPLICATE_METHOD_MATCH = YES;
				COPY_PHASE_STRIP = NO;
				DEBUG_INFORMATION_FORMAT = dwarf;
				ENABLE_STRICT_OBJC_MSGSEND = YES;
				ENABLE_TESTABILITY = YES;
				GCC_C_LANGUAGE_STANDARD = gnu11;
				GCC_DYNAMIC_NO_PIC = NO;
				GCC_NO_COMMON_BLOCKS = YES;
				GCC_OPTIMIZATION_LEVEL = 0;
				GCC_PREPROCESSOR_DEFINITIONS = (
					"DEBUG=1",
					"$(inherited)",
				);
				GCC_WARN_64_TO_32_BIT_CONVERSION = YES;
				GCC_WARN_ABOUT_RETURN_TYPE = YES_ERROR;
				GCC_WARN_UNDECLARED_SELECTOR = YES;
				GCC_WARN_UNINITIALIZED_AUTOS = YES_AGGRESSIVE;
				GCC_WARN_UNUSED_FUNCTION = YES;
				GCC_WARN_UNUSED_VARIABLE = YES;
				IPHONEOS_DEPLOYMENT_TARGET = 13.5;
				MTL_ENABLE_DEBUG_INFO = INCLUDE_SOURCE;
				MTL_FAST_MATH = YES;
				ONLY_ACTIVE_ARCH = YES;
				SDKROOT = iphoneos;
				SWIFT_ACTIVE_COMPILATION_CONDITIONS = DEBUG;
				SWIFT_OPTIMIZATION_LEVEL = "-Onone";
			};
			name = Debug;
		};
		D595A675249107D300846139 /* Release */ = {
			isa = XCBuildConfiguration;
			buildSettings = {
				ALWAYS_SEARCH_USER_PATHS = NO;
				CLANG_ANALYZER_NONNULL = YES;
				CLANG_ANALYZER_NUMBER_OBJECT_CONVERSION = YES_AGGRESSIVE;
				CLANG_CXX_LANGUAGE_STANDARD = "gnu++14";
				CLANG_CXX_LIBRARY = "libc++";
				CLANG_ENABLE_MODULES = YES;
				CLANG_ENABLE_OBJC_ARC = YES;
				CLANG_ENABLE_OBJC_WEAK = YES;
				CLANG_WARN_BLOCK_CAPTURE_AUTORELEASING = YES;
				CLANG_WARN_BOOL_CONVERSION = YES;
				CLANG_WARN_COMMA = YES;
				CLANG_WARN_CONSTANT_CONVERSION = YES;
				CLANG_WARN_DEPRECATED_OBJC_IMPLEMENTATIONS = YES;
				CLANG_WARN_DIRECT_OBJC_ISA_USAGE = YES_ERROR;
				CLANG_WARN_DOCUMENTATION_COMMENTS = YES;
				CLANG_WARN_EMPTY_BODY = YES;
				CLANG_WARN_ENUM_CONVERSION = YES;
				CLANG_WARN_INFINITE_RECURSION = YES;
				CLANG_WARN_INT_CONVERSION = YES;
				CLANG_WARN_NON_LITERAL_NULL_CONVERSION = YES;
				CLANG_WARN_OBJC_IMPLICIT_RETAIN_SELF = YES;
				CLANG_WARN_OBJC_LITERAL_CONVERSION = YES;
				CLANG_WARN_OBJC_ROOT_CLASS = YES_ERROR;
				CLANG_WARN_RANGE_LOOP_ANALYSIS = YES;
				CLANG_WARN_STRICT_PROTOTYPES = YES;
				CLANG_WARN_SUSPICIOUS_MOVE = YES;
				CLANG_WARN_UNGUARDED_AVAILABILITY = YES_AGGRESSIVE;
				CLANG_WARN_UNREACHABLE_CODE = YES;
				CLANG_WARN__DUPLICATE_METHOD_MATCH = YES;
				COPY_PHASE_STRIP = NO;
				DEBUG_INFORMATION_FORMAT = "dwarf-with-dsym";
				ENABLE_NS_ASSERTIONS = NO;
				ENABLE_STRICT_OBJC_MSGSEND = YES;
				GCC_C_LANGUAGE_STANDARD = gnu11;
				GCC_NO_COMMON_BLOCKS = YES;
				GCC_WARN_64_TO_32_BIT_CONVERSION = YES;
				GCC_WARN_ABOUT_RETURN_TYPE = YES_ERROR;
				GCC_WARN_UNDECLARED_SELECTOR = YES;
				GCC_WARN_UNINITIALIZED_AUTOS = YES_AGGRESSIVE;
				GCC_WARN_UNUSED_FUNCTION = YES;
				GCC_WARN_UNUSED_VARIABLE = YES;
				IPHONEOS_DEPLOYMENT_TARGET = 13.5;
				MTL_ENABLE_DEBUG_INFO = NO;
				MTL_FAST_MATH = YES;
				SDKROOT = iphoneos;
				SWIFT_COMPILATION_MODE = wholemodule;
				SWIFT_OPTIMIZATION_LEVEL = "-O";
				VALIDATE_PRODUCT = YES;
			};
			name = Release;
		};
		D595A677249107D300846139 /* Debug */ = {
			isa = XCBuildConfiguration;
			buildSettings = {
				ASSETCATALOG_COMPILER_APPICON_NAME = AppIcon;
				CODE_SIGN_STYLE = Automatic;
				INFOPLIST_FILE = MeuJardim/Info.plist;
				LD_RUNPATH_SEARCH_PATHS = (
					"$(inherited)",
					"@executable_path/Frameworks",
				);
				PRODUCT_BUNDLE_IDENTIFIER = "Apple-Academy.MeuJardim";
				PRODUCT_NAME = "$(TARGET_NAME)";
				SWIFT_VERSION = 5.0;
				TARGETED_DEVICE_FAMILY = "1,2";
			};
			name = Debug;
		};
		D595A678249107D300846139 /* Release */ = {
			isa = XCBuildConfiguration;
			buildSettings = {
				ASSETCATALOG_COMPILER_APPICON_NAME = AppIcon;
				CODE_SIGN_STYLE = Automatic;
				INFOPLIST_FILE = MeuJardim/Info.plist;
				LD_RUNPATH_SEARCH_PATHS = (
					"$(inherited)",
					"@executable_path/Frameworks",
				);
				PRODUCT_BUNDLE_IDENTIFIER = "Apple-Academy.MeuJardim";
				PRODUCT_NAME = "$(TARGET_NAME)";
				SWIFT_VERSION = 5.0;
				TARGETED_DEVICE_FAMILY = "1,2";
			};
			name = Release;
		};
		D595A67A249107D300846139 /* Debug */ = {
			isa = XCBuildConfiguration;
			buildSettings = {
				ALWAYS_EMBED_SWIFT_STANDARD_LIBRARIES = YES;
				BUNDLE_LOADER = "$(TEST_HOST)";
				CODE_SIGN_STYLE = Automatic;
				INFOPLIST_FILE = MeuJardimTests/Info.plist;
				IPHONEOS_DEPLOYMENT_TARGET = 13.5;
				LD_RUNPATH_SEARCH_PATHS = (
					"$(inherited)",
					"@executable_path/Frameworks",
					"@loader_path/Frameworks",
				);
				PRODUCT_BUNDLE_IDENTIFIER = "Apple-Academy.MeuJardimTests";
				PRODUCT_NAME = "$(TARGET_NAME)";
				SWIFT_VERSION = 5.0;
				TARGETED_DEVICE_FAMILY = "1,2";
				TEST_HOST = "$(BUILT_PRODUCTS_DIR)/MeuJardim.app/MeuJardim";
			};
			name = Debug;
		};
		D595A67B249107D300846139 /* Release */ = {
			isa = XCBuildConfiguration;
			buildSettings = {
				ALWAYS_EMBED_SWIFT_STANDARD_LIBRARIES = YES;
				BUNDLE_LOADER = "$(TEST_HOST)";
				CODE_SIGN_STYLE = Automatic;
				INFOPLIST_FILE = MeuJardimTests/Info.plist;
				IPHONEOS_DEPLOYMENT_TARGET = 13.5;
				LD_RUNPATH_SEARCH_PATHS = (
					"$(inherited)",
					"@executable_path/Frameworks",
					"@loader_path/Frameworks",
				);
				PRODUCT_BUNDLE_IDENTIFIER = "Apple-Academy.MeuJardimTests";
				PRODUCT_NAME = "$(TARGET_NAME)";
				SWIFT_VERSION = 5.0;
				TARGETED_DEVICE_FAMILY = "1,2";
				TEST_HOST = "$(BUILT_PRODUCTS_DIR)/MeuJardim.app/MeuJardim";
			};
			name = Release;
		};
/* End XCBuildConfiguration section */

/* Begin XCConfigurationList section */
		D595A652249107D200846139 /* Build configuration list for PBXProject "MeuJardim" */ = {
			isa = XCConfigurationList;
			buildConfigurations = (
				D595A674249107D300846139 /* Debug */,
				D595A675249107D300846139 /* Release */,
			);
			defaultConfigurationIsVisible = 0;
			defaultConfigurationName = Release;
		};
		D595A676249107D300846139 /* Build configuration list for PBXNativeTarget "MeuJardim" */ = {
			isa = XCConfigurationList;
			buildConfigurations = (
				D595A677249107D300846139 /* Debug */,
				D595A678249107D300846139 /* Release */,
			);
			defaultConfigurationIsVisible = 0;
			defaultConfigurationName = Release;
		};
		D595A679249107D300846139 /* Build configuration list for PBXNativeTarget "MeuJardimTests" */ = {
			isa = XCConfigurationList;
			buildConfigurations = (
				D595A67A249107D300846139 /* Debug */,
				D595A67B249107D300846139 /* Release */,
			);
			defaultConfigurationIsVisible = 0;
			defaultConfigurationName = Release;
		};
/* End XCConfigurationList section */
	};
	rootObject = D595A64F249107D200846139 /* Project object */;
}
